// !$*UTF8*$!
{
	archiveVersion = 1;
	classes = {
	};
	objectVersion = 56;
	objects = {

/* Begin PBXBuildFile section */
		133BDF072AFFE74900B82464 /* FacadePatternApp.swift in Sources */ = {isa = PBXBuildFile; fileRef = 133BDF062AFFE74900B82464 /* FacadePatternApp.swift */; };
		133BDF092AFFE74900B82464 /* LoginView.swift in Sources */ = {isa = PBXBuildFile; fileRef = 133BDF082AFFE74900B82464 /* LoginView.swift */; };
		133BDF0B2AFFE74B00B82464 /* Assets.xcassets in Resources */ = {isa = PBXBuildFile; fileRef = 133BDF0A2AFFE74B00B82464 /* Assets.xcassets */; };
		133BDF0E2AFFE74B00B82464 /* Preview Assets.xcassets in Resources */ = {isa = PBXBuildFile; fileRef = 133BDF0D2AFFE74B00B82464 /* Preview Assets.xcassets */; };
		133BDF152AFFE78400B82464 /* ServiceFacade.swift in Sources */ = {isa = PBXBuildFile; fileRef = 133BDF142AFFE78400B82464 /* ServiceFacade.swift */; };
		133BDF182AFFE7E100B82464 /* Swinject in Frameworks */ = {isa = PBXBuildFile; productRef = 133BDF172AFFE7E100B82464 /* Swinject */; };
		133BDF1A2AFFE7E100B82464 /* Swinject-Dynamic in Frameworks */ = {isa = PBXBuildFile; productRef = 133BDF192AFFE7E100B82464 /* Swinject-Dynamic */; };
		133BDF1C2AFFE8DE00B82464 /* AuthAPI.swift in Sources */ = {isa = PBXBuildFile; fileRef = 133BDF1B2AFFE8DE00B82464 /* AuthAPI.swift */; };
		133BDF1E2AFFEA1700B82464 /* UserAPI.swift in Sources */ = {isa = PBXBuildFile; fileRef = 133BDF1D2AFFEA1700B82464 /* UserAPI.swift */; };
		133BDF202AFFEB3F00B82464 /* LoginViewModel.swift in Sources */ = {isa = PBXBuildFile; fileRef = 133BDF1F2AFFEB3F00B82464 /* LoginViewModel.swift */; };
/* End PBXBuildFile section */

/* Begin PBXFileReference section */
		133BDF032AFFE74900B82464 /* FacadePattern.app */ = {isa = PBXFileReference; explicitFileType = wrapper.application; includeInIndex = 0; path = FacadePattern.app; sourceTree = BUILT_PRODUCTS_DIR; };
		133BDF062AFFE74900B82464 /* FacadePatternApp.swift */ = {isa = PBXFileReference; lastKnownFileType = sourcecode.swift; path = FacadePatternApp.swift; sourceTree = "<group>"; };
		133BDF082AFFE74900B82464 /* LoginView.swift */ = {isa = PBXFileReference; lastKnownFileType = sourcecode.swift; path = LoginView.swift; sourceTree = "<group>"; };
		133BDF0A2AFFE74B00B82464 /* Assets.xcassets */ = {isa = PBXFileReference; lastKnownFileType = folder.assetcatalog; path = Assets.xcassets; sourceTree = "<group>"; };
		133BDF0D2AFFE74B00B82464 /* Preview Assets.xcassets */ = {isa = PBXFileReference; lastKnownFileType = folder.assetcatalog; path = "Preview Assets.xcassets"; sourceTree = "<group>"; };
		133BDF142AFFE78400B82464 /* ServiceFacade.swift */ = {isa = PBXFileReference; lastKnownFileType = sourcecode.swift; path = ServiceFacade.swift; sourceTree = "<group>"; };
		133BDF1B2AFFE8DE00B82464 /* AuthAPI.swift */ = {isa = PBXFileReference; lastKnownFileType = sourcecode.swift; path = AuthAPI.swift; sourceTree = "<group>"; };
		133BDF1D2AFFEA1700B82464 /* UserAPI.swift */ = {isa = PBXFileReference; lastKnownFileType = sourcecode.swift; path = UserAPI.swift; sourceTree = "<group>"; };
		133BDF1F2AFFEB3F00B82464 /* LoginViewModel.swift */ = {isa = PBXFileReference; lastKnownFileType = sourcecode.swift; path = LoginViewModel.swift; sourceTree = "<group>"; };
/* End PBXFileReference section */

/* Begin PBXFrameworksBuildPhase section */
		133BDF002AFFE74900B82464 /* Frameworks */ = {
			isa = PBXFrameworksBuildPhase;
			buildActionMask = 2147483647;
			files = (
				133BDF182AFFE7E100B82464 /* Swinject in Frameworks */,
				133BDF1A2AFFE7E100B82464 /* Swinject-Dynamic in Frameworks */,
			);
			runOnlyForDeploymentPostprocessing = 0;
		};
/* End PBXFrameworksBuildPhase section */

/* Begin PBXGroup section */
		133BDEFA2AFFE74900B82464 = {
			isa = PBXGroup;
			children = (
				133BDF052AFFE74900B82464 /* FacadePattern */,
				133BDF042AFFE74900B82464 /* Products */,
			);
			sourceTree = "<group>";
		};
		133BDF042AFFE74900B82464 /* Products */ = {
			isa = PBXGroup;
			children = (
				133BDF032AFFE74900B82464 /* FacadePattern.app */,
			);
			name = Products;
			sourceTree = "<group>";
		};
		133BDF052AFFE74900B82464 /* FacadePattern */ = {
			isa = PBXGroup;
			children = (
				133BDF062AFFE74900B82464 /* FacadePatternApp.swift */,
				133BDF142AFFE78400B82464 /* ServiceFacade.swift */,
				133BDF082AFFE74900B82464 /* LoginView.swift */,
				133BDF1F2AFFEB3F00B82464 /* LoginViewModel.swift */,
				133BDF1B2AFFE8DE00B82464 /* AuthAPI.swift */,
				133BDF1D2AFFEA1700B82464 /* UserAPI.swift */,
				133BDF0A2AFFE74B00B82464 /* Assets.xcassets */,
				133BDF0C2AFFE74B00B82464 /* Preview Content */,
			);
			path = FacadePattern;
			sourceTree = "<group>";
		};
		133BDF0C2AFFE74B00B82464 /* Preview Content */ = {
			isa = PBXGroup;
			children = (
				133BDF0D2AFFE74B00B82464 /* Preview Assets.xcassets */,
			);
			path = "Preview Content";
			sourceTree = "<group>";
		};
/* End PBXGroup section */

/* Begin PBXNativeTarget section */
		133BDF022AFFE74900B82464 /* FacadePattern */ = {
			isa = PBXNativeTarget;
			buildConfigurationList = 133BDF112AFFE74B00B82464 /* Build configuration list for PBXNativeTarget "FacadePattern" */;
			buildPhases = (
				133BDEFF2AFFE74900B82464 /* Sources */,
				133BDF002AFFE74900B82464 /* Frameworks */,
				133BDF012AFFE74900B82464 /* Resources */,
			);
			buildRules = (
			);
			dependencies = (
			);
			name = FacadePattern;
			packageProductDependencies = (
				133BDF172AFFE7E100B82464 /* Swinject */,
				133BDF192AFFE7E100B82464 /* Swinject-Dynamic */,
			);
			productName = FacadePattern;
			productReference = 133BDF032AFFE74900B82464 /* FacadePattern.app */;
			productType = "com.apple.product-type.application";
		};
/* End PBXNativeTarget section */

/* Begin PBXProject section */
		133BDEFB2AFFE74900B82464 /* Project object */ = {
			isa = PBXProject;
			attributes = {
				BuildIndependentTargetsInParallel = 1;
				LastSwiftUpdateCheck = 1500;
				LastUpgradeCheck = 1500;
				TargetAttributes = {
					133BDF022AFFE74900B82464 = {
						CreatedOnToolsVersion = 15.0;
					};
				};
			};
			buildConfigurationList = 133BDEFE2AFFE74900B82464 /* Build configuration list for PBXProject "FacadePattern" */;
			compatibilityVersion = "Xcode 14.0";
			developmentRegion = en;
			hasScannedForEncodings = 0;
			knownRegions = (
				en,
				Base,
			);
			mainGroup = 133BDEFA2AFFE74900B82464;
			packageReferences = (
				133BDF162AFFE7E100B82464 /* XCRemoteSwiftPackageReference "Swinject" */,
			);
			productRefGroup = 133BDF042AFFE74900B82464 /* Products */;
			projectDirPath = "";
			projectRoot = "";
			targets = (
				133BDF022AFFE74900B82464 /* FacadePattern */,
			);
		};
/* End PBXProject section */

/* Begin PBXResourcesBuildPhase section */
		133BDF012AFFE74900B82464 /* Resources */ = {
			isa = PBXResourcesBuildPhase;
			buildActionMask = 2147483647;
			files = (
				133BDF0E2AFFE74B00B82464 /* Preview Assets.xcassets in Resources */,
				133BDF0B2AFFE74B00B82464 /* Assets.xcassets in Resources */,
			);
			runOnlyForDeploymentPostprocessing = 0;
		};
/* End PBXResourcesBuildPhase section */

/* Begin PBXSourcesBuildPhase section */
		133BDEFF2AFFE74900B82464 /* Sources */ = {
			isa = PBXSourcesBuildPhase;
			buildActionMask = 2147483647;
			files = (
				133BDF1C2AFFE8DE00B82464 /* AuthAPI.swift in Sources */,
				133BDF092AFFE74900B82464 /* LoginView.swift in Sources */,
				133BDF202AFFEB3F00B82464 /* LoginViewModel.swift in Sources */,
				133BDF152AFFE78400B82464 /* ServiceFacade.swift in Sources */,
				133BDF1E2AFFEA1700B82464 /* UserAPI.swift in Sources */,
				133BDF072AFFE74900B82464 /* FacadePatternApp.swift in Sources */,
			);
			runOnlyForDeploymentPostprocessing = 0;
		};
/* End PBXSourcesBuildPhase section */

/* Begin XCBuildConfiguration section */
		133BDF0F2AFFE74B00B82464 /* Debug */ = {
			isa = XCBuildConfiguration;
			buildSettings = {
				ALWAYS_SEARCH_USER_PATHS = NO;
				ASSETCATALOG_COMPILER_GENERATE_SWIFT_ASSET_SYMBOL_EXTENSIONS = YES;
				CLANG_ANALYZER_NONNULL = YES;
				CLANG_ANALYZER_NUMBER_OBJECT_CONVERSION = YES_AGGRESSIVE;
				CLANG_CXX_LANGUAGE_STANDARD = "gnu++20";
				CLANG_ENABLE_MODULES = YES;
				CLANG_ENABLE_OBJC_ARC = YES;
				CLANG_ENABLE_OBJC_WEAK = YES;
				CLANG_WARN_BLOCK_CAPTURE_AUTORELEASING = YES;
				CLANG_WARN_BOOL_CONVERSION = YES;
				CLANG_WARN_COMMA = YES;
				CLANG_WARN_CONSTANT_CONVERSION = YES;
				CLANG_WARN_DEPRECATED_OBJC_IMPLEMENTATIONS = YES;
				CLANG_WARN_DIRECT_OBJC_ISA_USAGE = YES_ERROR;
				CLANG_WARN_DOCUMENTATION_COMMENTS = YES;
				CLANG_WARN_EMPTY_BODY = YES;
				CLANG_WARN_ENUM_CONVERSION = YES;
				CLANG_WARN_INFINITE_RECURSION = YES;
				CLANG_WARN_INT_CONVERSION = YES;
				CLANG_WARN_NON_LITERAL_NULL_CONVERSION = YES;
				CLANG_WARN_OBJC_IMPLICIT_RETAIN_SELF = YES;
				CLANG_WARN_OBJC_LITERAL_CONVERSION = YES;
				CLANG_WARN_OBJC_ROOT_CLASS = YES_ERROR;
				CLANG_WARN_QUOTED_INCLUDE_IN_FRAMEWORK_HEADER = YES;
				CLANG_WARN_RANGE_LOOP_ANALYSIS = YES;
				CLANG_WARN_STRICT_PROTOTYPES = YES;
				CLANG_WARN_SUSPICIOUS_MOVE = YES;
				CLANG_WARN_UNGUARDED_AVAILABILITY = YES_AGGRESSIVE;
				CLANG_WARN_UNREACHABLE_CODE = YES;
				CLANG_WARN__DUPLICATE_METHOD_MATCH = YES;
				COPY_PHASE_STRIP = NO;
				DEBUG_INFORMATION_FORMAT = dwarf;
				ENABLE_STRICT_OBJC_MSGSEND = YES;
				ENABLE_TESTABILITY = YES;
				ENABLE_USER_SCRIPT_SANDBOXING = YES;
				GCC_C_LANGUAGE_STANDARD = gnu17;
				GCC_DYNAMIC_NO_PIC = NO;
				GCC_NO_COMMON_BLOCKS = YES;
				GCC_OPTIMIZATION_LEVEL = 0;
				GCC_PREPROCESSOR_DEFINITIONS = (
					"DEBUG=1",
					"$(inherited)",
				);
				GCC_WARN_64_TO_32_BIT_CONVERSION = YES;
				GCC_WARN_ABOUT_RETURN_TYPE = YES_ERROR;
				GCC_WARN_UNDECLARED_SELECTOR = YES;
				GCC_WARN_UNINITIALIZED_AUTOS = YES_AGGRESSIVE;
				GCC_WARN_UNUSED_FUNCTION = YES;
				GCC_WARN_UNUSED_VARIABLE = YES;
				IPHONEOS_DEPLOYMENT_TARGET = 17.0;
				LOCALIZATION_PREFERS_STRING_CATALOGS = YES;
				MTL_ENABLE_DEBUG_INFO = INCLUDE_SOURCE;
				MTL_FAST_MATH = YES;
				ONLY_ACTIVE_ARCH = YES;
				SDKROOT = iphoneos;
				SWIFT_ACTIVE_COMPILATION_CONDITIONS = "DEBUG $(inherited)";
				SWIFT_OPTIMIZATION_LEVEL = "-Onone";
			};
			name = Debug;
		};
		133BDF102AFFE74B00B82464 /* Release */ = {
			isa = XCBuildConfiguration;
			buildSettings = {
				ALWAYS_SEARCH_USER_PATHS = NO;
				ASSETCATALOG_COMPILER_GENERATE_SWIFT_ASSET_SYMBOL_EXTENSIONS = YES;
				CLANG_ANALYZER_NONNULL = YES;
				CLANG_ANALYZER_NUMBER_OBJECT_CONVERSION = YES_AGGRESSIVE;
				CLANG_CXX_LANGUAGE_STANDARD = "gnu++20";
				CLANG_ENABLE_MODULES = YES;
				CLANG_ENABLE_OBJC_ARC = YES;
				CLANG_ENABLE_OBJC_WEAK = YES;
				CLANG_WARN_BLOCK_CAPTURE_AUTORELEASING = YES;
				CLANG_WARN_BOOL_CONVERSION = YES;
				CLANG_WARN_COMMA = YES;
				CLANG_WARN_CONSTANT_CONVERSION = YES;
				CLANG_WARN_DEPRECATED_OBJC_IMPLEMENTATIONS = YES;
				CLANG_WARN_DIRECT_OBJC_ISA_USAGE = YES_ERROR;
				CLANG_WARN_DOCUMENTATION_COMMENTS = YES;
				CLANG_WARN_EMPTY_BODY = YES;
				CLANG_WARN_ENUM_CONVERSION = YES;
				CLANG_WARN_INFINITE_RECURSION = YES;
				CLANG_WARN_INT_CONVERSION = YES;
				CLANG_WARN_NON_LITERAL_NULL_CONVERSION = YES;
				CLANG_WARN_OBJC_IMPLICIT_RETAIN_SELF = YES;
				CLANG_WARN_OBJC_LITERAL_CONVERSION = YES;
				CLANG_WARN_OBJC_ROOT_CLASS = YES_ERROR;
				CLANG_WARN_QUOTED_INCLUDE_IN_FRAMEWORK_HEADER = YES;
				CLANG_WARN_RANGE_LOOP_ANALYSIS = YES;
				CLANG_WARN_STRICT_PROTOTYPES = YES;
				CLANG_WARN_SUSPICIOUS_MOVE = YES;
				CLANG_WARN_UNGUARDED_AVAILABILITY = YES_AGGRESSIVE;
				CLANG_WARN_UNREACHABLE_CODE = YES;
				CLANG_WARN__DUPLICATE_METHOD_MATCH = YES;
				COPY_PHASE_STRIP = NO;
				DEBUG_INFORMATION_FORMAT = "dwarf-with-dsym";
				ENABLE_NS_ASSERTIONS = NO;
				ENABLE_STRICT_OBJC_MSGSEND = YES;
				ENABLE_USER_SCRIPT_SANDBOXING = YES;
				GCC_C_LANGUAGE_STANDARD = gnu17;
				GCC_NO_COMMON_BLOCKS = YES;
				GCC_WARN_64_TO_32_BIT_CONVERSION = YES;
				GCC_WARN_ABOUT_RETURN_TYPE = YES_ERROR;
				GCC_WARN_UNDECLARED_SELECTOR = YES;
				GCC_WARN_UNINITIALIZED_AUTOS = YES_AGGRESSIVE;
				GCC_WARN_UNUSED_FUNCTION = YES;
				GCC_WARN_UNUSED_VARIABLE = YES;
				IPHONEOS_DEPLOYMENT_TARGET = 17.0;
				LOCALIZATION_PREFERS_STRING_CATALOGS = YES;
				MTL_ENABLE_DEBUG_INFO = NO;
				MTL_FAST_MATH = YES;
				SDKROOT = iphoneos;
				SWIFT_COMPILATION_MODE = wholemodule;
				VALIDATE_PRODUCT = YES;
			};
			name = Release;
		};
		133BDF122AFFE74B00B82464 /* Debug */ = {
			isa = XCBuildConfiguration;
			buildSettings = {
				ASSETCATALOG_COMPILER_APPICON_NAME = AppIcon;
				ASSETCATALOG_COMPILER_GLOBAL_ACCENT_COLOR_NAME = AccentColor;
				CODE_SIGN_STYLE = Automatic;
				CURRENT_PROJECT_VERSION = 1;
				DEVELOPMENT_ASSET_PATHS = "\"FacadePattern/Preview Content\"";
				DEVELOPMENT_TEAM = 36BF9P9PDN;
				ENABLE_PREVIEWS = YES;
				GENERATE_INFOPLIST_FILE = YES;
				INFOPLIST_KEY_UIApplicationSceneManifest_Generation = YES;
				INFOPLIST_KEY_UIApplicationSupportsIndirectInputEvents = YES;
				INFOPLIST_KEY_UILaunchScreen_Generation = YES;
				INFOPLIST_KEY_UISupportedInterfaceOrientations_iPad = "UIInterfaceOrientationPortrait UIInterfaceOrientationPortraitUpsideDown UIInterfaceOrientationLandscapeLeft UIInterfaceOrientationLandscapeRight";
				INFOPLIST_KEY_UISupportedInterfaceOrientations_iPhone = "UIInterfaceOrientationPortrait UIInterfaceOrientationLandscapeLeft UIInterfaceOrientationLandscapeRight";
				LD_RUNPATH_SEARCH_PATHS = (
					"$(inherited)",
					"@executable_path/Frameworks",
				);
				MARKETING_VERSION = 1.0;
				PRODUCT_BUNDLE_IDENTIFIER = bradley.hoang.FacadePattern;
				PRODUCT_NAME = "$(TARGET_NAME)";
				SWIFT_EMIT_LOC_STRINGS = YES;
				SWIFT_VERSION = 5.0;
				TARGETED_DEVICE_FAMILY = "1,2";
			};
			name = Debug;
		};
		133BDF132AFFE74B00B82464 /* Release */ = {
			isa = XCBuildConfiguration;
			buildSettings = {
				ASSETCATALOG_COMPILER_APPICON_NAME = AppIcon;
				ASSETCATALOG_COMPILER_GLOBAL_ACCENT_COLOR_NAME = AccentColor;
				CODE_SIGN_STYLE = Automatic;
				CURRENT_PROJECT_VERSION = 1;
				DEVELOPMENT_ASSET_PATHS = "\"FacadePattern/Preview Content\"";
				DEVELOPMENT_TEAM = 36BF9P9PDN;
				ENABLE_PREVIEWS = YES;
				GENERATE_INFOPLIST_FILE = YES;
				INFOPLIST_KEY_UIApplicationSceneManifest_Generation = YES;
				INFOPLIST_KEY_UIApplicationSupportsIndirectInputEvents = YES;
				INFOPLIST_KEY_UILaunchScreen_Generation = YES;
				INFOPLIST_KEY_UISupportedInterfaceOrientations_iPad = "UIInterfaceOrientationPortrait UIInterfaceOrientationPortraitUpsideDown UIInterfaceOrientationLandscapeLeft UIInterfaceOrientationLandscapeRight";
				INFOPLIST_KEY_UISupportedInterfaceOrientations_iPhone = "UIInterfaceOrientationPortrait UIInterfaceOrientationLandscapeLeft UIInterfaceOrientationLandscapeRight";
				LD_RUNPATH_SEARCH_PATHS = (
					"$(inherited)",
					"@executable_path/Frameworks",
				);
				MARKETING_VERSION = 1.0;
				PRODUCT_BUNDLE_IDENTIFIER = bradley.hoang.FacadePattern;
				PRODUCT_NAME = "$(TARGET_NAME)";
				SWIFT_EMIT_LOC_STRINGS = YES;
				SWIFT_VERSION = 5.0;
				TARGETED_DEVICE_FAMILY = "1,2";
			};
			name = Release;
		};
/* End XCBuildConfiguration section */

/* Begin XCConfigurationList section */
		133BDEFE2AFFE74900B82464 /* Build configuration list for PBXProject "FacadePattern" */ = {
			isa = XCConfigurationList;
			buildConfigurations = (
				133BDF0F2AFFE74B00B82464 /* Debug */,
				133BDF102AFFE74B00B82464 /* Release */,
			);
			defaultConfigurationIsVisible = 0;
			defaultConfigurationName = Release;
		};
		133BDF112AFFE74B00B82464 /* Build configuration list for PBXNativeTarget "FacadePattern" */ = {
			isa = XCConfigurationList;
			buildConfigurations = (
				133BDF122AFFE74B00B82464 /* Debug */,
				133BDF132AFFE74B00B82464 /* Release */,
			);
			defaultConfigurationIsVisible = 0;
			defaultConfigurationName = Release;
		};
/* End XCConfigurationList section */

/* Begin XCRemoteSwiftPackageReference section */
		133BDF162AFFE7E100B82464 /* XCRemoteSwiftPackageReference "Swinject" */ = {
			isa = XCRemoteSwiftPackageReference;
			repositoryURL = "https://github.com/Swinject/Swinject.git";
			requirement = {
				kind = exactVersion;
				version = 2.8.4;
			};
		};
/* End XCRemoteSwiftPackageReference section */

/* Begin XCSwiftPackageProductDependency section */
		133BDF172AFFE7E100B82464 /* Swinject */ = {
			isa = XCSwiftPackageProductDependency;
			package = 133BDF162AFFE7E100B82464 /* XCRemoteSwiftPackageReference "Swinject" */;
			productName = Swinject;
		};
		133BDF192AFFE7E100B82464 /* Swinject-Dynamic */ = {
			isa = XCSwiftPackageProductDependency;
			package = 133BDF162AFFE7E100B82464 /* XCRemoteSwiftPackageReference "Swinject" */;
			productName = "Swinject-Dynamic";
		};
/* End XCSwiftPackageProductDependency section */
	};
	rootObject = 133BDEFB2AFFE74900B82464 /* Project object */;
}
